// !$*UTF8*$!
{
	archiveVersion = 1;
	classes = {
	};
	objectVersion = 56;
	objects = {

/* Begin PBXBuildFile section */
		C3704D302AC26E13008C54C1 /* swiftui_practice3App.swift in Sources */ = {isa = PBXBuildFile; fileRef = C3704D2F2AC26E13008C54C1 /* swiftui_practice3App.swift */; };
		C3704D322AC26E13008C54C1 /* ContentView.swift in Sources */ = {isa = PBXBuildFile; fileRef = C3704D312AC26E13008C54C1 /* ContentView.swift */; };
		C3704D342AC26E14008C54C1 /* Assets.xcassets in Resources */ = {isa = PBXBuildFile; fileRef = C3704D332AC26E14008C54C1 /* Assets.xcassets */; };
		C3704D372AC26E14008C54C1 /* Preview Assets.xcassets in Resources */ = {isa = PBXBuildFile; fileRef = C3704D362AC26E14008C54C1 /* Preview Assets.xcassets */; };
		C3704D412AC26E14008C54C1 /* swiftui_practice3Tests.swift in Sources */ = {isa = PBXBuildFile; fileRef = C3704D402AC26E14008C54C1 /* swiftui_practice3Tests.swift */; };
		C3704D4B2AC26E14008C54C1 /* swiftui_practice3UITests.swift in Sources */ = {isa = PBXBuildFile; fileRef = C3704D4A2AC26E14008C54C1 /* swiftui_practice3UITests.swift */; };
		C3704D4D2AC26E14008C54C1 /* swiftui_practice3UITestsLaunchTests.swift in Sources */ = {isa = PBXBuildFile; fileRef = C3704D4C2AC26E14008C54C1 /* swiftui_practice3UITestsLaunchTests.swift */; };
/* End PBXBuildFile section */

/* Begin PBXContainerItemProxy section */
		C3704D3D2AC26E14008C54C1 /* PBXContainerItemProxy */ = {
			isa = PBXContainerItemProxy;
			containerPortal = C3704D242AC26E13008C54C1 /* Project object */;
			proxyType = 1;
			remoteGlobalIDString = C3704D2B2AC26E13008C54C1;
			remoteInfo = "swiftui-practice3";
		};
		C3704D472AC26E14008C54C1 /* PBXContainerItemProxy */ = {
			isa = PBXContainerItemProxy;
			containerPortal = C3704D242AC26E13008C54C1 /* Project object */;
			proxyType = 1;
			remoteGlobalIDString = C3704D2B2AC26E13008C54C1;
			remoteInfo = "swiftui-practice3";
		};
/* End PBXContainerItemProxy section */

/* Begin PBXFileReference section */
		C3704D2C2AC26E13008C54C1 /* swiftui-practice3.app */ = {isa = PBXFileReference; explicitFileType = wrapper.application; includeInIndex = 0; path = "swiftui-practice3.app"; sourceTree = BUILT_PRODUCTS_DIR; };
		C3704D2F2AC26E13008C54C1 /* swiftui_practice3App.swift */ = {isa = PBXFileReference; lastKnownFileType = sourcecode.swift; path = swiftui_practice3App.swift; sourceTree = "<group>"; };
		C3704D312AC26E13008C54C1 /* ContentView.swift */ = {isa = PBXFileReference; lastKnownFileType = sourcecode.swift; path = ContentView.swift; sourceTree = "<group>"; };
		C3704D332AC26E14008C54C1 /* Assets.xcassets */ = {isa = PBXFileReference; lastKnownFileType = folder.assetcatalog; path = Assets.xcassets; sourceTree = "<group>"; };
		C3704D362AC26E14008C54C1 /* Preview Assets.xcassets */ = {isa = PBXFileReference; lastKnownFileType = folder.assetcatalog; path = "Preview Assets.xcassets"; sourceTree = "<group>"; };
		C3704D3C2AC26E14008C54C1 /* swiftui-practice3Tests.xctest */ = {isa = PBXFileReference; explicitFileType = wrapper.cfbundle; includeInIndex = 0; path = "swiftui-practice3Tests.xctest"; sourceTree = BUILT_PRODUCTS_DIR; };
		C3704D402AC26E14008C54C1 /* swiftui_practice3Tests.swift */ = {isa = PBXFileReference; lastKnownFileType = sourcecode.swift; path = swiftui_practice3Tests.swift; sourceTree = "<group>"; };
		C3704D462AC26E14008C54C1 /* swiftui-practice3UITests.xctest */ = {isa = PBXFileReference; explicitFileType = wrapper.cfbundle; includeInIndex = 0; path = "swiftui-practice3UITests.xctest"; sourceTree = BUILT_PRODUCTS_DIR; };
		C3704D4A2AC26E14008C54C1 /* swiftui_practice3UITests.swift */ = {isa = PBXFileReference; lastKnownFileType = sourcecode.swift; path = swiftui_practice3UITests.swift; sourceTree = "<group>"; };
		C3704D4C2AC26E14008C54C1 /* swiftui_practice3UITestsLaunchTests.swift */ = {isa = PBXFileReference; lastKnownFileType = sourcecode.swift; path = swiftui_practice3UITestsLaunchTests.swift; sourceTree = "<group>"; };
/* End PBXFileReference section */

/* Begin PBXFrameworksBuildPhase section */
		C3704D292AC26E13008C54C1 /* Frameworks */ = {
			isa = PBXFrameworksBuildPhase;
			buildActionMask = 2147483647;
			files = (
			);
			runOnlyForDeploymentPostprocessing = 0;
		};
		C3704D392AC26E14008C54C1 /* Frameworks */ = {
			isa = PBXFrameworksBuildPhase;
			buildActionMask = 2147483647;
			files = (
			);
			runOnlyForDeploymentPostprocessing = 0;
		};
		C3704D432AC26E14008C54C1 /* Frameworks */ = {
			isa = PBXFrameworksBuildPhase;
			buildActionMask = 2147483647;
			files = (
			);
			runOnlyForDeploymentPostprocessing = 0;
		};
/* End PBXFrameworksBuildPhase section */

/* Begin PBXGroup section */
		C3704D232AC26E13008C54C1 = {
			isa = PBXGroup;
			children = (
				C3704D2E2AC26E13008C54C1 /* swiftui-practice3 */,
				C3704D3F2AC26E14008C54C1 /* swiftui-practice3Tests */,
				C3704D492AC26E14008C54C1 /* swiftui-practice3UITests */,
				C3704D2D2AC26E13008C54C1 /* Products */,
			);
			sourceTree = "<group>";
		};
		C3704D2D2AC26E13008C54C1 /* Products */ = {
			isa = PBXGroup;
			children = (
				C3704D2C2AC26E13008C54C1 /* swiftui-practice3.app */,
				C3704D3C2AC26E14008C54C1 /* swiftui-practice3Tests.xctest */,
				C3704D462AC26E14008C54C1 /* swiftui-practice3UITests.xctest */,
			);
			name = Products;
			sourceTree = "<group>";
		};
		C3704D2E2AC26E13008C54C1 /* swiftui-practice3 */ = {
			isa = PBXGroup;
			children = (
				C3704D2F2AC26E13008C54C1 /* swiftui_practice3App.swift */,
				C3704D312AC26E13008C54C1 /* ContentView.swift */,
				C3704D332AC26E14008C54C1 /* Assets.xcassets */,
				C3704D352AC26E14008C54C1 /* Preview Content */,
			);
			path = "swiftui-practice3";
			sourceTree = "<group>";
		};
		C3704D352AC26E14008C54C1 /* Preview Content */ = {
			isa = PBXGroup;
			children = (
				C3704D362AC26E14008C54C1 /* Preview Assets.xcassets */,
			);
			path = "Preview Content";
			sourceTree = "<group>";
		};
		C3704D3F2AC26E14008C54C1 /* swiftui-practice3Tests */ = {
			isa = PBXGroup;
			children = (
				C3704D402AC26E14008C54C1 /* swiftui_practice3Tests.swift */,
			);
			path = "swiftui-practice3Tests";
			sourceTree = "<group>";
		};
		C3704D492AC26E14008C54C1 /* swiftui-practice3UITests */ = {
			isa = PBXGroup;
			children = (
				C3704D4A2AC26E14008C54C1 /* swiftui_practice3UITests.swift */,
				C3704D4C2AC26E14008C54C1 /* swiftui_practice3UITestsLaunchTests.swift */,
			);
			path = "swiftui-practice3UITests";
			sourceTree = "<group>";
		};
/* End PBXGroup section */

/* Begin PBXNativeTarget section */
		C3704D2B2AC26E13008C54C1 /* swiftui-practice3 */ = {
			isa = PBXNativeTarget;
			buildConfigurationList = C3704D502AC26E14008C54C1 /* Build configuration list for PBXNativeTarget "swiftui-practice3" */;
			buildPhases = (
				C3704D282AC26E13008C54C1 /* Sources */,
				C3704D292AC26E13008C54C1 /* Frameworks */,
				C3704D2A2AC26E13008C54C1 /* Resources */,
			);
			buildRules = (
			);
			dependencies = (
			);
			name = "swiftui-practice3";
			productName = "swiftui-practice3";
			productReference = C3704D2C2AC26E13008C54C1 /* swiftui-practice3.app */;
			productType = "com.apple.product-type.application";
		};
		C3704D3B2AC26E14008C54C1 /* swiftui-practice3Tests */ = {
			isa = PBXNativeTarget;
			buildConfigurationList = C3704D532AC26E14008C54C1 /* Build configuration list for PBXNativeTarget "swiftui-practice3Tests" */;
			buildPhases = (
				C3704D382AC26E14008C54C1 /* Sources */,
				C3704D392AC26E14008C54C1 /* Frameworks */,
				C3704D3A2AC26E14008C54C1 /* Resources */,
			);
			buildRules = (
			);
			dependencies = (
				C3704D3E2AC26E14008C54C1 /* PBXTargetDependency */,
			);
			name = "swiftui-practice3Tests";
			productName = "swiftui-practice3Tests";
			productReference = C3704D3C2AC26E14008C54C1 /* swiftui-practice3Tests.xctest */;
			productType = "com.apple.product-type.bundle.unit-test";
		};
		C3704D452AC26E14008C54C1 /* swiftui-practice3UITests */ = {
			isa = PBXNativeTarget;
			buildConfigurationList = C3704D562AC26E14008C54C1 /* Build configuration list for PBXNativeTarget "swiftui-practice3UITests" */;
			buildPhases = (
				C3704D422AC26E14008C54C1 /* Sources */,
				C3704D432AC26E14008C54C1 /* Frameworks */,
				C3704D442AC26E14008C54C1 /* Resources */,
			);
			buildRules = (
			);
			dependencies = (
				C3704D482AC26E14008C54C1 /* PBXTargetDependency */,
			);
			name = "swiftui-practice3UITests";
			productName = "swiftui-practice3UITests";
			productReference = C3704D462AC26E14008C54C1 /* swiftui-practice3UITests.xctest */;
			productType = "com.apple.product-type.bundle.ui-testing";
		};
/* End PBXNativeTarget section */

/* Begin PBXProject section */
		C3704D242AC26E13008C54C1 /* Project object */ = {
			isa = PBXProject;
			attributes = {
				BuildIndependentTargetsInParallel = 1;
				LastSwiftUpdateCheck = 1500;
				LastUpgradeCheck = 1500;
				TargetAttributes = {
					C3704D2B2AC26E13008C54C1 = {
						CreatedOnToolsVersion = 15.0;
					};
					C3704D3B2AC26E14008C54C1 = {
						CreatedOnToolsVersion = 15.0;
						TestTargetID = C3704D2B2AC26E13008C54C1;
					};
					C3704D452AC26E14008C54C1 = {
						CreatedOnToolsVersion = 15.0;
						TestTargetID = C3704D2B2AC26E13008C54C1;
					};
				};
			};
			buildConfigurationList = C3704D272AC26E13008C54C1 /* Build configuration list for PBXProject "swiftui-practice3" */;
			compatibilityVersion = "Xcode 14.0";
			developmentRegion = en;
			hasScannedForEncodings = 0;
			knownRegions = (
				en,
				Base,
			);
			mainGroup = C3704D232AC26E13008C54C1;
			productRefGroup = C3704D2D2AC26E13008C54C1 /* Products */;
			projectDirPath = "";
			projectRoot = "";
			targets = (
				C3704D2B2AC26E13008C54C1 /* swiftui-practice3 */,
				C3704D3B2AC26E14008C54C1 /* swiftui-practice3Tests */,
				C3704D452AC26E14008C54C1 /* swiftui-practice3UITests */,
			);
		};
/* End PBXProject section */

/* Begin PBXResourcesBuildPhase section */
		C3704D2A2AC26E13008C54C1 /* Resources */ = {
			isa = PBXResourcesBuildPhase;
			buildActionMask = 2147483647;
			files = (
				C3704D372AC26E14008C54C1 /* Preview Assets.xcassets in Resources */,
				C3704D342AC26E14008C54C1 /* Assets.xcassets in Resources */,
			);
			runOnlyForDeploymentPostprocessing = 0;
		};
		C3704D3A2AC26E14008C54C1 /* Resources */ = {
			isa = PBXResourcesBuildPhase;
			buildActionMask = 2147483647;
			files = (
			);
			runOnlyForDeploymentPostprocessing = 0;
		};
		C3704D442AC26E14008C54C1 /* Resources */ = {
			isa = PBXResourcesBuildPhase;
			buildActionMask = 2147483647;
			files = (
			);
			runOnlyForDeploymentPostprocessing = 0;
		};
/* End PBXResourcesBuildPhase section */

/* Begin PBXSourcesBuildPhase section */
		C3704D282AC26E13008C54C1 /* Sources */ = {
			isa = PBXSourcesBuildPhase;
			buildActionMask = 2147483647;
			files = (
				C3704D322AC26E13008C54C1 /* ContentView.swift in Sources */,
				C3704D302AC26E13008C54C1 /* swiftui_practice3App.swift in Sources */,
			);
			runOnlyForDeploymentPostprocessing = 0;
		};
		C3704D382AC26E14008C54C1 /* Sources */ = {
			isa = PBXSourcesBuildPhase;
			buildActionMask = 2147483647;
			files = (
				C3704D412AC26E14008C54C1 /* swiftui_practice3Tests.swift in Sources */,
			);
			runOnlyForDeploymentPostprocessing = 0;
		};
		C3704D422AC26E14008C54C1 /* Sources */ = {
			isa = PBXSourcesBuildPhase;
			buildActionMask = 2147483647;
			files = (
				C3704D4B2AC26E14008C54C1 /* swiftui_practice3UITests.swift in Sources */,
				C3704D4D2AC26E14008C54C1 /* swiftui_practice3UITestsLaunchTests.swift in Sources */,
			);
			runOnlyForDeploymentPostprocessing = 0;
		};
/* End PBXSourcesBuildPhase section */

/* Begin PBXTargetDependency section */
		C3704D3E2AC26E14008C54C1 /* PBXTargetDependency */ = {
			isa = PBXTargetDependency;
			target = C3704D2B2AC26E13008C54C1 /* swiftui-practice3 */;
			targetProxy = C3704D3D2AC26E14008C54C1 /* PBXContainerItemProxy */;
		};
		C3704D482AC26E14008C54C1 /* PBXTargetDependency */ = {
			isa = PBXTargetDependency;
			target = C3704D2B2AC26E13008C54C1 /* swiftui-practice3 */;
			targetProxy = C3704D472AC26E14008C54C1 /* PBXContainerItemProxy */;
		};
/* End PBXTargetDependency section */

/* Begin XCBuildConfiguration section */
		C3704D4E2AC26E14008C54C1 /* Debug */ = {
			isa = XCBuildConfiguration;
			buildSettings = {
				ALWAYS_SEARCH_USER_PATHS = NO;
				ASSETCATALOG_COMPILER_GENERATE_SWIFT_ASSET_SYMBOL_EXTENSIONS = YES;
				CLANG_ANALYZER_NONNULL = YES;
				CLANG_ANALYZER_NUMBER_OBJECT_CONVERSION = YES_AGGRESSIVE;
				CLANG_CXX_LANGUAGE_STANDARD = "gnu++20";
				CLANG_ENABLE_MODULES = YES;
				CLANG_ENABLE_OBJC_ARC = YES;
				CLANG_ENABLE_OBJC_WEAK = YES;
				CLANG_WARN_BLOCK_CAPTURE_AUTORELEASING = YES;
				CLANG_WARN_BOOL_CONVERSION = YES;
				CLANG_WARN_COMMA = YES;
				CLANG_WARN_CONSTANT_CONVERSION = YES;
				CLANG_WARN_DEPRECATED_OBJC_IMPLEMENTATIONS = YES;
				CLANG_WARN_DIRECT_OBJC_ISA_USAGE = YES_ERROR;
				CLANG_WARN_DOCUMENTATION_COMMENTS = YES;
				CLANG_WARN_EMPTY_BODY = YES;
				CLANG_WARN_ENUM_CONVERSION = YES;
				CLANG_WARN_INFINITE_RECURSION = YES;
				CLANG_WARN_INT_CONVERSION = YES;
				CLANG_WARN_NON_LITERAL_NULL_CONVERSION = YES;
				CLANG_WARN_OBJC_IMPLICIT_RETAIN_SELF = YES;
				CLANG_WARN_OBJC_LITERAL_CONVERSION = YES;
				CLANG_WARN_OBJC_ROOT_CLASS = YES_ERROR;
				CLANG_WARN_QUOTED_INCLUDE_IN_FRAMEWORK_HEADER = YES;
				CLANG_WARN_RANGE_LOOP_ANALYSIS = YES;
				CLANG_WARN_STRICT_PROTOTYPES = YES;
				CLANG_WARN_SUSPICIOUS_MOVE = YES;
				CLANG_WARN_UNGUARDED_AVAILABILITY = YES_AGGRESSIVE;
				CLANG_WARN_UNREACHABLE_CODE = YES;
				CLANG_WARN__DUPLICATE_METHOD_MATCH = YES;
				COPY_PHASE_STRIP = NO;
				DEBUG_INFORMATION_FORMAT = dwarf;
				ENABLE_STRICT_OBJC_MSGSEND = YES;
				ENABLE_TESTABILITY = YES;
				ENABLE_USER_SCRIPT_SANDBOXING = YES;
				GCC_C_LANGUAGE_STANDARD = gnu17;
				GCC_DYNAMIC_NO_PIC = NO;
				GCC_NO_COMMON_BLOCKS = YES;
				GCC_OPTIMIZATION_LEVEL = 0;
				GCC_PREPROCESSOR_DEFINITIONS = (
					"DEBUG=1",
					"$(inherited)",
				);
				GCC_WARN_64_TO_32_BIT_CONVERSION = YES;
				GCC_WARN_ABOUT_RETURN_TYPE = YES_ERROR;
				GCC_WARN_UNDECLARED_SELECTOR = YES;
				GCC_WARN_UNINITIALIZED_AUTOS = YES_AGGRESSIVE;
				GCC_WARN_UNUSED_FUNCTION = YES;
				GCC_WARN_UNUSED_VARIABLE = YES;
				IPHONEOS_DEPLOYMENT_TARGET = 17.0;
				LOCALIZATION_PREFERS_STRING_CATALOGS = YES;
				MTL_ENABLE_DEBUG_INFO = INCLUDE_SOURCE;
				MTL_FAST_MATH = YES;
				ONLY_ACTIVE_ARCH = YES;
				SDKROOT = iphoneos;
				SWIFT_ACTIVE_COMPILATION_CONDITIONS = "DEBUG $(inherited)";
				SWIFT_OPTIMIZATION_LEVEL = "-Onone";
			};
			name = Debug;
		};
		C3704D4F2AC26E14008C54C1 /* Release */ = {
			isa = XCBuildConfiguration;
			buildSettings = {
				ALWAYS_SEARCH_USER_PATHS = NO;
				ASSETCATALOG_COMPILER_GENERATE_SWIFT_ASSET_SYMBOL_EXTENSIONS = YES;
				CLANG_ANALYZER_NONNULL = YES;
				CLANG_ANALYZER_NUMBER_OBJECT_CONVERSION = YES_AGGRESSIVE;
				CLANG_CXX_LANGUAGE_STANDARD = "gnu++20";
				CLANG_ENABLE_MODULES = YES;
				CLANG_ENABLE_OBJC_ARC = YES;
				CLANG_ENABLE_OBJC_WEAK = YES;
				CLANG_WARN_BLOCK_CAPTURE_AUTORELEASING = YES;
				CLANG_WARN_BOOL_CONVERSION = YES;
				CLANG_WARN_COMMA = YES;
				CLANG_WARN_CONSTANT_CONVERSION = YES;
				CLANG_WARN_DEPRECATED_OBJC_IMPLEMENTATIONS = YES;
				CLANG_WARN_DIRECT_OBJC_ISA_USAGE = YES_ERROR;
				CLANG_WARN_DOCUMENTATION_COMMENTS = YES;
				CLANG_WARN_EMPTY_BODY = YES;
				CLANG_WARN_ENUM_CONVERSION = YES;
				CLANG_WARN_INFINITE_RECURSION = YES;
				CLANG_WARN_INT_CONVERSION = YES;
				CLANG_WARN_NON_LITERAL_NULL_CONVERSION = YES;
				CLANG_WARN_OBJC_IMPLICIT_RETAIN_SELF = YES;
				CLANG_WARN_OBJC_LITERAL_CONVERSION = YES;
				CLANG_WARN_OBJC_ROOT_CLASS = YES_ERROR;
				CLANG_WARN_QUOTED_INCLUDE_IN_FRAMEWORK_HEADER = YES;
				CLANG_WARN_RANGE_LOOP_ANALYSIS = YES;
				CLANG_WARN_STRICT_PROTOTYPES = YES;
				CLANG_WARN_SUSPICIOUS_MOVE = YES;
				CLANG_WARN_UNGUARDED_AVAILABILITY = YES_AGGRESSIVE;
				CLANG_WARN_UNREACHABLE_CODE = YES;
				CLANG_WARN__DUPLICATE_METHOD_MATCH = YES;
				COPY_PHASE_STRIP = NO;
				DEBUG_INFORMATION_FORMAT = "dwarf-with-dsym";
				ENABLE_NS_ASSERTIONS = NO;
				ENABLE_STRICT_OBJC_MSGSEND = YES;
				ENABLE_USER_SCRIPT_SANDBOXING = YES;
				GCC_C_LANGUAGE_STANDARD = gnu17;
				GCC_NO_COMMON_BLOCKS = YES;
				GCC_WARN_64_TO_32_BIT_CONVERSION = YES;
				GCC_WARN_ABOUT_RETURN_TYPE = YES_ERROR;
				GCC_WARN_UNDECLARED_SELECTOR = YES;
				GCC_WARN_UNINITIALIZED_AUTOS = YES_AGGRESSIVE;
				GCC_WARN_UNUSED_FUNCTION = YES;
				GCC_WARN_UNUSED_VARIABLE = YES;
				IPHONEOS_DEPLOYMENT_TARGET = 17.0;
				LOCALIZATION_PREFERS_STRING_CATALOGS = YES;
				MTL_ENABLE_DEBUG_INFO = NO;
				MTL_FAST_MATH = YES;
				SDKROOT = iphoneos;
				SWIFT_COMPILATION_MODE = wholemodule;
				VALIDATE_PRODUCT = YES;
			};
			name = Release;
		};
		C3704D512AC26E14008C54C1 /* Debug */ = {
			isa = XCBuildConfiguration;
			buildSettings = {
				ASSETCATALOG_COMPILER_APPICON_NAME = AppIcon;
				ASSETCATALOG_COMPILER_GLOBAL_ACCENT_COLOR_NAME = AccentColor;
				CODE_SIGN_STYLE = Automatic;
				CURRENT_PROJECT_VERSION = 1;
				DEVELOPMENT_ASSET_PATHS = "\"swiftui-practice3/Preview Content\"";
				DEVELOPMENT_TEAM = Q59F3FQQ2T;
				ENABLE_PREVIEWS = YES;
				GENERATE_INFOPLIST_FILE = YES;
				INFOPLIST_KEY_UIApplicationSceneManifest_Generation = YES;
				INFOPLIST_KEY_UIApplicationSupportsIndirectInputEvents = YES;
				INFOPLIST_KEY_UILaunchScreen_Generation = YES;
				INFOPLIST_KEY_UISupportedInterfaceOrientations_iPad = "UIInterfaceOrientationPortrait UIInterfaceOrientationPortraitUpsideDown UIInterfaceOrientationLandscapeLeft UIInterfaceOrientationLandscapeRight";
				INFOPLIST_KEY_UISupportedInterfaceOrientations_iPhone = "UIInterfaceOrientationPortrait UIInterfaceOrientationLandscapeLeft UIInterfaceOrientationLandscapeRight";
				LD_RUNPATH_SEARCH_PATHS = (
					"$(inherited)",
					"@executable_path/Frameworks",
				);
				MARKETING_VERSION = 1.0;
				PRODUCT_BUNDLE_IDENTIFIER = "com.dillenhub.swiftui-practice3";
				PRODUCT_NAME = "$(TARGET_NAME)";
				SWIFT_EMIT_LOC_STRINGS = YES;
				SWIFT_VERSION = 5.0;
				TARGETED_DEVICE_FAMILY = "1,2";
			};
			name = Debug;
		};
		C3704D522AC26E14008C54C1 /* Release */ = {
			isa = XCBuildConfiguration;
			buildSettings = {
				ASSETCATALOG_COMPILER_APPICON_NAME = AppIcon;
				ASSETCATALOG_COMPILER_GLOBAL_ACCENT_COLOR_NAME = AccentColor;
				CODE_SIGN_STYLE = Automatic;
				CURRENT_PROJECT_VERSION = 1;
				DEVELOPMENT_ASSET_PATHS = "\"swiftui-practice3/Preview Content\"";
				DEVELOPMENT_TEAM = Q59F3FQQ2T;
				ENABLE_PREVIEWS = YES;
				GENERATE_INFOPLIST_FILE = YES;
				INFOPLIST_KEY_UIApplicationSceneManifest_Generation = YES;
				INFOPLIST_KEY_UIApplicationSupportsIndirectInputEvents = YES;
				INFOPLIST_KEY_UILaunchScreen_Generation = YES;
				INFOPLIST_KEY_UISupportedInterfaceOrientations_iPad = "UIInterfaceOrientationPortrait UIInterfaceOrientationPortraitUpsideDown UIInterfaceOrientationLandscapeLeft UIInterfaceOrientationLandscapeRight";
				INFOPLIST_KEY_UISupportedInterfaceOrientations_iPhone = "UIInterfaceOrientationPortrait UIInterfaceOrientationLandscapeLeft UIInterfaceOrientationLandscapeRight";
				LD_RUNPATH_SEARCH_PATHS = (
					"$(inherited)",
					"@executable_path/Frameworks",
				);
				MARKETING_VERSION = 1.0;
				PRODUCT_BUNDLE_IDENTIFIER = "com.dillenhub.swiftui-practice3";
				PRODUCT_NAME = "$(TARGET_NAME)";
				SWIFT_EMIT_LOC_STRINGS = YES;
				SWIFT_VERSION = 5.0;
				TARGETED_DEVICE_FAMILY = "1,2";
			};
			name = Release;
		};
		C3704D542AC26E14008C54C1 /* Debug */ = {
			isa = XCBuildConfiguration;
			buildSettings = {
				ALWAYS_EMBED_SWIFT_STANDARD_LIBRARIES = YES;
				BUNDLE_LOADER = "$(TEST_HOST)";
				CODE_SIGN_STYLE = Automatic;
				CURRENT_PROJECT_VERSION = 1;
				DEVELOPMENT_TEAM = Q59F3FQQ2T;
				GENERATE_INFOPLIST_FILE = YES;
				IPHONEOS_DEPLOYMENT_TARGET = 17.0;
				MARKETING_VERSION = 1.0;
				PRODUCT_BUNDLE_IDENTIFIER = "com.dillenhub.swiftui-practice3Tests";
				PRODUCT_NAME = "$(TARGET_NAME)";
				SWIFT_EMIT_LOC_STRINGS = NO;
				SWIFT_VERSION = 5.0;
				TARGETED_DEVICE_FAMILY = "1,2";
				TEST_HOST = "$(BUILT_PRODUCTS_DIR)/swiftui-practice3.app/$(BUNDLE_EXECUTABLE_FOLDER_PATH)/swiftui-practice3";
			};
			name = Debug;
		};
		C3704D552AC26E14008C54C1 /* Release */ = {
			isa = XCBuildConfiguration;
			buildSettings = {
				ALWAYS_EMBED_SWIFT_STANDARD_LIBRARIES = YES;
				BUNDLE_LOADER = "$(TEST_HOST)";
				CODE_SIGN_STYLE = Automatic;
				CURRENT_PROJECT_VERSION = 1;
				DEVELOPMENT_TEAM = Q59F3FQQ2T;
				GENERATE_INFOPLIST_FILE = YES;
				IPHONEOS_DEPLOYMENT_TARGET = 17.0;
				MARKETING_VERSION = 1.0;
				PRODUCT_BUNDLE_IDENTIFIER = "com.dillenhub.swiftui-practice3Tests";
				PRODUCT_NAME = "$(TARGET_NAME)";
				SWIFT_EMIT_LOC_STRINGS = NO;
				SWIFT_VERSION = 5.0;
				TARGETED_DEVICE_FAMILY = "1,2";
				TEST_HOST = "$(BUILT_PRODUCTS_DIR)/swiftui-practice3.app/$(BUNDLE_EXECUTABLE_FOLDER_PATH)/swiftui-practice3";
			};
			name = Release;
		};
		C3704D572AC26E14008C54C1 /* Debug */ = {
			isa = XCBuildConfiguration;
			buildSettings = {
				ALWAYS_EMBED_SWIFT_STANDARD_LIBRARIES = YES;
				CODE_SIGN_STYLE = Automatic;
				CURRENT_PROJECT_VERSION = 1;
				DEVELOPMENT_TEAM = Q59F3FQQ2T;
				GENERATE_INFOPLIST_FILE = YES;
				MARKETING_VERSION = 1.0;
				PRODUCT_BUNDLE_IDENTIFIER = "com.dillenhub.swiftui-practice3UITests";
				PRODUCT_NAME = "$(TARGET_NAME)";
				SWIFT_EMIT_LOC_STRINGS = NO;
				SWIFT_VERSION = 5.0;
				TARGETED_DEVICE_FAMILY = "1,2";
				TEST_TARGET_NAME = "swiftui-practice3";
			};
			name = Debug;
		};
		C3704D582AC26E14008C54C1 /* Release */ = {
			isa = XCBuildConfiguration;
			buildSettings = {
				ALWAYS_EMBED_SWIFT_STANDARD_LIBRARIES = YES;
				CODE_SIGN_STYLE = Automatic;
				CURRENT_PROJECT_VERSION = 1;
				DEVELOPMENT_TEAM = Q59F3FQQ2T;
				GENERATE_INFOPLIST_FILE = YES;
				MARKETING_VERSION = 1.0;
				PRODUCT_BUNDLE_IDENTIFIER = "com.dillenhub.swiftui-practice3UITests";
				PRODUCT_NAME = "$(TARGET_NAME)";
				SWIFT_EMIT_LOC_STRINGS = NO;
				SWIFT_VERSION = 5.0;
				TARGETED_DEVICE_FAMILY = "1,2";
				TEST_TARGET_NAME = "swiftui-practice3";
			};
			name = Release;
		};
/* End XCBuildConfiguration section */

/* Begin XCConfigurationList section */
		C3704D272AC26E13008C54C1 /* Build configuration list for PBXProject "swiftui-practice3" */ = {
			isa = XCConfigurationList;
			buildConfigurations = (
				C3704D4E2AC26E14008C54C1 /* Debug */,
				C3704D4F2AC26E14008C54C1 /* Release */,
			);
			defaultConfigurationIsVisible = 0;
			defaultConfigurationName = Release;
		};
		C3704D502AC26E14008C54C1 /* Build configuration list for PBXNativeTarget "swiftui-practice3" */ = {
			isa = XCConfigurationList;
			buildConfigurations = (
				C3704D512AC26E14008C54C1 /* Debug */,
				C3704D522AC26E14008C54C1 /* Release */,
			);
			defaultConfigurationIsVisible = 0;
			defaultConfigurationName = Release;
		};
		C3704D532AC26E14008C54C1 /* Build configuration list for PBXNativeTarget "swiftui-practice3Tests" */ = {
			isa = XCConfigurationList;
			buildConfigurations = (
				C3704D542AC26E14008C54C1 /* Debug */,
				C3704D552AC26E14008C54C1 /* Release */,
			);
			defaultConfigurationIsVisible = 0;
			defaultConfigurationName = Release;
		};
		C3704D562AC26E14008C54C1 /* Build configuration list for PBXNativeTarget "swiftui-practice3UITests" */ = {
			isa = XCConfigurationList;
			buildConfigurations = (
				C3704D572AC26E14008C54C1 /* Debug */,
				C3704D582AC26E14008C54C1 /* Release */,
			);
			defaultConfigurationIsVisible = 0;
			defaultConfigurationName = Release;
		};
/* End XCConfigurationList section */
	};
	rootObject = C3704D242AC26E13008C54C1 /* Project object */;
}
